
Microsoft Visual Studio Solution File, Format Version 12.00
# Visual Studio 15
VisualStudioVersion = 15.0.27130.2036
MinimumVisualStudioVersion = 10.0.40219.1
Project("{FAE04EC0-301F-11D3-BF4B-00C04F79EFBC}") = "Common.Diagnostics", "Common.Diagnostics.csproj", "{005E2B34-A7BA-4486-A16D-29328AB8AF76}"
EndProject
Project("{FAE04EC0-301F-11D3-BF4B-00C04F79EFBC}") = "Common.Diagnostics.Test.Cli", "Common.Diagnostics.Test.Cli\Common.Diagnostics.Test.Cli.csproj", "{9BC64A28-45FC-4586-9126-6DB00F82AA0C}"
EndProject
Global
	GlobalSection(SolutionConfigurationPlatforms) = preSolution
		Debug|Any CPU = Debug|Any CPU
		Release|Any CPU = Release|Any CPU
	EndGlobalSection
	GlobalSection(ProjectConfigurationPlatforms) = postSolution
		{005E2B34-A7BA-4486-A16D-29328AB8AF76}.Debug|Any CPU.ActiveCfg = Debug|Any CPU
		{005E2B34-A7BA-4486-A16D-29328AB8AF76}.Debug|Any CPU.Build.0 = Debug|Any CPU
		{005E2B34-A7BA-4486-A16D-29328AB8AF76}.Release|Any CPU.ActiveCfg = Release|Any CPU
		{005E2B34-A7BA-4486-A16D-29328AB8AF76}.Release|Any CPU.Build.0 = Release|Any CPU
		{9BC64A28-45FC-4586-9126-6DB00F82AA0C}.Debug|Any CPU.ActiveCfg = Debug|Any CPU
		{9BC64A28-45FC-4586-9126-6DB00F82AA0C}.Debug|Any CPU.Build.0 = Debug|Any CPU
		{9BC64A28-45FC-4586-9126-6DB00F82AA0C}.Release|Any CPU.ActiveCfg = Release|Any CPU
		{9BC64A28-45FC-4586-9126-6DB00F82AA0C}.Release|Any CPU.Build.0 = Release|Any CPU
	EndGlobalSection
	GlobalSection(SolutionProperties) = preSolution
		HideSolutionNode = FALSE
	EndGlobalSection
	GlobalSection(ExtensibilityGlobals) = postSolution
		SolutionGuid = {C1C07B8D-17B1-4C98-A78D-123CA41CD8D6}
	EndGlobalSection
EndGlobal
